Microsoft Visual Studio Solution File, Format Version 12.00
# Visual Studio Version 17
VisualStudioVersion = 17.5.2.0
MinimumVisualStudioVersion = 10.0.40219.1
Project("{FAE04EC0-301F-11D3-BF4B-00C04F79EFBC}") = "CursorHighlight", "CursorHighlight.csproj", "{C7068649-BCDE-DCF7-AEB1-D4AAF4E6B78C}"
EndProject
Global
	GlobalSection(SolutionConfigurationPlatforms) = preSolution
		Debug|Any CPU = Debug|Any CPU
		Release|Any CPU = Release|Any CPU
	EndGlobalSection
	GlobalSection(ProjectConfigurationPlatforms) = postSolution
		{C7068649-BCDE-DCF7-AEB1-D4AAF4E6B78C}.Debug|Any CPU.ActiveCfg = Debug|Any CPU
		{C7068649-BCDE-DCF7-AEB1-D4AAF4E6B78C}.Debug|Any CPU.Build.0 = Debug|Any CPU
		{C7068649-BCDE-DCF7-AEB1-D4AAF4E6B78C}.Release|Any CPU.ActiveCfg = Release|Any CPU
		{C7068649-BCDE-DCF7-AEB1-D4AAF4E6B78C}.Release|Any CPU.Build.0 = Release|Any CPU
	EndGlobalSection
	GlobalSection(SolutionProperties) = preSolution
		HideSolutionNode = FALSE
	EndGlobalSection
	GlobalSection(ExtensibilityGlobals) = postSolution
		SolutionGuid = {0BD959E0-D81C-40D6-9741-3085B6CFF969}
	EndGlobalSection
EndGlobal
